
Microsoft Visual Studio Solution File, Format Version 12.00
# Visual Studio 15
VisualStudioVersion = 15.0.25807.0
MinimumVisualStudioVersion = 10.0.40219.1
Project("{FAE04EC0-301F-11D3-BF4B-00C04F79EFBC}") = "OnlyDatePicker.Droid", "OnlyDatePicker\OnlyDatePicker.Droid\OnlyDatePicker.Droid.csproj", "{3AA2A1B2-206E-4DEA-8C09-79D6568B6DE3}"
EndProject
Project("{FAE04EC0-301F-11D3-BF4B-00C04F79EFBC}") = "OnlyDatePicker.iOS", "OnlyDatePicker\OnlyDatePicker.iOS\OnlyDatePicker.iOS.csproj", "{EC12B74D-FCC9-4AF5-9763-93F5B8093CEE}"
EndProject
Project("{D954291E-2A0B-460D-934E-DC6B0785DB48}") = "OnlyDatePicker", "OnlyDatePicker\OnlyDatePicker\OnlyDatePicker.shproj", "{E08579AC-F3AA-45E0-BC06-73B66362385F}"
EndProject
Project("{FAE04EC0-301F-11D3-BF4B-00C04F79EFBC}") = "Test_ClassLibrary.portable", "Test_ClassLibrary.portable\Test_ClassLibrary.portable.csproj", "{39A45BED-2B1C-4DA9-9DE5-3581DB9FF72A}"
EndProject
Global
	GlobalSection(SharedMSBuildProjectFiles) = preSolution
		OnlyDatePicker\OnlyDatePicker\OnlyDatePicker.projitems*{e08579ac-f3aa-45e0-bc06-73b66362385f}*SharedItemsImports = 13
		OnlyDatePicker\OnlyDatePicker\OnlyDatePicker.projitems*{ec12b74d-fcc9-4af5-9763-93f5b8093cee}*SharedItemsImports = 4
	EndGlobalSection
	GlobalSection(SolutionConfigurationPlatforms) = preSolution
		Debug|Any CPU = Debug|Any CPU
		Debug|iPhone = Debug|iPhone
		Debug|iPhoneSimulator = Debug|iPhoneSimulator
		Release|Any CPU = Release|Any CPU
		Release|iPhone = Release|iPhone
		Release|iPhoneSimulator = Release|iPhoneSimulator
	EndGlobalSection
	GlobalSection(ProjectConfigurationPlatforms) = postSolution
		{3AA2A1B2-206E-4DEA-8C09-79D6568B6DE3}.Debug|Any CPU.ActiveCfg = Debug|Any CPU
		{3AA2A1B2-206E-4DEA-8C09-79D6568B6DE3}.Debug|Any CPU.Build.0 = Debug|Any CPU
		{3AA2A1B2-206E-4DEA-8C09-79D6568B6DE3}.Debug|Any CPU.Deploy.0 = Debug|Any CPU
		{3AA2A1B2-206E-4DEA-8C09-79D6568B6DE3}.Debug|iPhone.ActiveCfg = Debug|Any CPU
		{3AA2A1B2-206E-4DEA-8C09-79D6568B6DE3}.Debug|iPhone.Build.0 = Debug|Any CPU
		{3AA2A1B2-206E-4DEA-8C09-79D6568B6DE3}.Debug|iPhone.Deploy.0 = Debug|Any CPU
		{3AA2A1B2-206E-4DEA-8C09-79D6568B6DE3}.Debug|iPhoneSimulator.ActiveCfg = Debug|Any CPU
		{3AA2A1B2-206E-4DEA-8C09-79D6568B6DE3}.Debug|iPhoneSimulator.Build.0 = Debug|Any CPU
		{3AA2A1B2-206E-4DEA-8C09-79D6568B6DE3}.Debug|iPhoneSimulator.Deploy.0 = Debug|Any CPU
		{3AA2A1B2-206E-4DEA-8C09-79D6568B6DE3}.Release|Any CPU.ActiveCfg = Release|Any CPU
		{3AA2A1B2-206E-4DEA-8C09-79D6568B6DE3}.Release|Any CPU.Build.0 = Release|Any CPU
		{3AA2A1B2-206E-4DEA-8C09-79D6568B6DE3}.Release|Any CPU.Deploy.0 = Release|Any CPU
		{3AA2A1B2-206E-4DEA-8C09-79D6568B6DE3}.Release|iPhone.ActiveCfg = Release|Any CPU
		{3AA2A1B2-206E-4DEA-8C09-79D6568B6DE3}.Release|iPhone.Build.0 = Release|Any CPU
		{3AA2A1B2-206E-4DEA-8C09-79D6568B6DE3}.Release|iPhone.Deploy.0 = Release|Any CPU
		{3AA2A1B2-206E-4DEA-8C09-79D6568B6DE3}.Release|iPhoneSimulator.ActiveCfg = Release|Any CPU
		{3AA2A1B2-206E-4DEA-8C09-79D6568B6DE3}.Release|iPhoneSimulator.Build.0 = Release|Any CPU
		{3AA2A1B2-206E-4DEA-8C09-79D6568B6DE3}.Release|iPhoneSimulator.Deploy.0 = Release|Any CPU
		{EC12B74D-FCC9-4AF5-9763-93F5B8093CEE}.Debug|Any CPU.ActiveCfg = Debug|iPhone
		{EC12B74D-FCC9-4AF5-9763-93F5B8093CEE}.Debug|iPhone.ActiveCfg = Debug|iPhone
		{EC12B74D-FCC9-4AF5-9763-93F5B8093CEE}.Debug|iPhone.Build.0 = Debug|iPhone
		{EC12B74D-FCC9-4AF5-9763-93F5B8093CEE}.Debug|iPhoneSimulator.ActiveCfg = Debug|iPhoneSimulator
		{EC12B74D-FCC9-4AF5-9763-93F5B8093CEE}.Debug|iPhoneSimulator.Build.0 = Debug|iPhoneSimulator
		{EC12B74D-FCC9-4AF5-9763-93F5B8093CEE}.Release|Any CPU.ActiveCfg = Release|iPhone
		{EC12B74D-FCC9-4AF5-9763-93F5B8093CEE}.Release|iPhone.ActiveCfg = Release|iPhone
		{EC12B74D-FCC9-4AF5-9763-93F5B8093CEE}.Release|iPhone.Build.0 = Release|iPhone
		{EC12B74D-FCC9-4AF5-9763-93F5B8093CEE}.Release|iPhoneSimulator.ActiveCfg = Release|iPhoneSimulator
		{EC12B74D-FCC9-4AF5-9763-93F5B8093CEE}.Release|iPhoneSimulator.Build.0 = Release|iPhoneSimulator
		{39A45BED-2B1C-4DA9-9DE5-3581DB9FF72A}.Debug|Any CPU.ActiveCfg = Debug|Any CPU
		{39A45BED-2B1C-4DA9-9DE5-3581DB9FF72A}.Debug|Any CPU.Build.0 = Debug|Any CPU
		{39A45BED-2B1C-4DA9-9DE5-3581DB9FF72A}.Debug|iPhone.ActiveCfg = Debug|Any CPU
		{39A45BED-2B1C-4DA9-9DE5-3581DB9FF72A}.Debug|iPhone.Build.0 = Debug|Any CPU
		{39A45BED-2B1C-4DA9-9DE5-3581DB9FF72A}.Debug|iPhoneSimulator.ActiveCfg = Debug|Any CPU
		{39A45BED-2B1C-4DA9-9DE5-3581DB9FF72A}.Debug|iPhoneSimulator.Build.0 = Debug|Any CPU
		{39A45BED-2B1C-4DA9-9DE5-3581DB9FF72A}.Release|Any CPU.ActiveCfg = Release|Any CPU
		{39A45BED-2B1C-4DA9-9DE5-3581DB9FF72A}.Release|Any CPU.Build.0 = Release|Any CPU
		{39A45BED-2B1C-4DA9-9DE5-3581DB9FF72A}.Release|iPhone.ActiveCfg = Release|Any CPU
		{39A45BED-2B1C-4DA9-9DE5-3581DB9FF72A}.Release|iPhone.Build.0 = Release|Any CPU
		{39A45BED-2B1C-4DA9-9DE5-3581DB9FF72A}.Release|iPhoneSimulator.ActiveCfg = Release|Any CPU
		{39A45BED-2B1C-4DA9-9DE5-3581DB9FF72A}.Release|iPhoneSimulator.Build.0 = Release|Any CPU
	EndGlobalSection
	GlobalSection(SolutionProperties) = preSolution
		HideSolutionNode = FALSE
	EndGlobalSection
EndGlobal
